// !$*UTF8*$!
{
	archiveVersion = 1;
	classes = {
	};
	objectVersion = 77;
	objects = {

/* Begin PBXContainerItemProxy section */
		EBB79DA22DE23A4200329909 /* PBXContainerItemProxy */ = {
			isa = PBXContainerItemProxy;
			containerPortal = EBB79D8C2DE23A4000329909 /* Project object */;
			proxyType = 1;
			remoteGlobalIDString = EBB79D932DE23A4000329909;
			remoteInfo = "Barcode-Scanner";
		};
		EBB79DAC2DE23A4200329909 /* PBXContainerItemProxy */ = {
			isa = PBXContainerItemProxy;
			containerPortal = EBB79D8C2DE23A4000329909 /* Project object */;
			proxyType = 1;
			remoteGlobalIDString = EBB79D932DE23A4000329909;
			remoteInfo = "Barcode-Scanner";
		};
/* End PBXContainerItemProxy section */

/* Begin PBXFileReference section */
		EBB79D942DE23A4000329909 /* Barcode-Scanner.app */ = {isa = PBXFileReference; explicitFileType = wrapper.application; includeInIndex = 0; path = "Barcode-Scanner.app"; sourceTree = BUILT_PRODUCTS_DIR; };
		EBB79DA12DE23A4200329909 /* Barcode-ScannerTests.xctest */ = {isa = PBXFileReference; explicitFileType = wrapper.cfbundle; includeInIndex = 0; path = "Barcode-ScannerTests.xctest"; sourceTree = BUILT_PRODUCTS_DIR; };
		EBB79DAB2DE23A4200329909 /* Barcode-ScannerUITests.xctest */ = {isa = PBXFileReference; explicitFileType = wrapper.cfbundle; includeInIndex = 0; path = "Barcode-ScannerUITests.xctest"; sourceTree = BUILT_PRODUCTS_DIR; };
/* End PBXFileReference section */

/* Begin PBXFileSystemSynchronizedRootGroup section */
		EBB79D962DE23A4000329909 /* Barcode-Scanner */ = {
			isa = PBXFileSystemSynchronizedRootGroup;
			path = "Barcode-Scanner";
			sourceTree = "<group>";
		};
		EBB79DA42DE23A4200329909 /* Barcode-ScannerTests */ = {
			isa = PBXFileSystemSynchronizedRootGroup;
			path = "Barcode-ScannerTests";
			sourceTree = "<group>";
		};
		EBB79DAE2DE23A4200329909 /* Barcode-ScannerUITests */ = {
			isa = PBXFileSystemSynchronizedRootGroup;
			path = "Barcode-ScannerUITests";
			sourceTree = "<group>";
		};
/* End PBXFileSystemSynchronizedRootGroup section */

/* Begin PBXFrameworksBuildPhase section */
		EBB79D912DE23A4000329909 /* Frameworks */ = {
			isa = PBXFrameworksBuildPhase;
			buildActionMask = 2147483647;
			files = (
			);
			runOnlyForDeploymentPostprocessing = 0;
		};
		EBB79D9E2DE23A4200329909 /* Frameworks */ = {
			isa = PBXFrameworksBuildPhase;
			buildActionMask = 2147483647;
			files = (
			);
			runOnlyForDeploymentPostprocessing = 0;
		};
		EBB79DA82DE23A4200329909 /* Frameworks */ = {
			isa = PBXFrameworksBuildPhase;
			buildActionMask = 2147483647;
			files = (
			);
			runOnlyForDeploymentPostprocessing = 0;
		};
/* End PBXFrameworksBuildPhase section */

/* Begin PBXGroup section */
		EBB79D8B2DE23A4000329909 = {
			isa = PBXGroup;
			children = (
				EBB79D962DE23A4000329909 /* Barcode-Scanner */,
				EBB79DA42DE23A4200329909 /* Barcode-ScannerTests */,
				EBB79DAE2DE23A4200329909 /* Barcode-ScannerUITests */,
				EBB79D952DE23A4000329909 /* Products */,
			);
			sourceTree = "<group>";
		};
		EBB79D952DE23A4000329909 /* Products */ = {
			isa = PBXGroup;
			children = (
				EBB79D942DE23A4000329909 /* Barcode-Scanner.app */,
				EBB79DA12DE23A4200329909 /* Barcode-ScannerTests.xctest */,
				EBB79DAB2DE23A4200329909 /* Barcode-ScannerUITests.xctest */,
			);
			name = Products;
			sourceTree = "<group>";
		};
/* End PBXGroup section */

/* Begin PBXNativeTarget section */
		EBB79D932DE23A4000329909 /* Barcode-Scanner */ = {
			isa = PBXNativeTarget;
			buildConfigurationList = EBB79DB52DE23A4200329909 /* Build configuration list for PBXNativeTarget "Barcode-Scanner" */;
			buildPhases = (
				EBB79D902DE23A4000329909 /* Sources */,
				EBB79D912DE23A4000329909 /* Frameworks */,
				EBB79D922DE23A4000329909 /* Resources */,
			);
			buildRules = (
			);
			dependencies = (
			);
			fileSystemSynchronizedGroups = (
				EBB79D962DE23A4000329909 /* Barcode-Scanner */,
			);
			name = "Barcode-Scanner";
			packageProductDependencies = (
			);
			productName = "Barcode-Scanner";
			productReference = EBB79D942DE23A4000329909 /* Barcode-Scanner.app */;
			productType = "com.apple.product-type.application";
		};
		EBB79DA02DE23A4200329909 /* Barcode-ScannerTests */ = {
			isa = PBXNativeTarget;
			buildConfigurationList = EBB79DB82DE23A4200329909 /* Build configuration list for PBXNativeTarget "Barcode-ScannerTests" */;
			buildPhases = (
				EBB79D9D2DE23A4200329909 /* Sources */,
				EBB79D9E2DE23A4200329909 /* Frameworks */,
				EBB79D9F2DE23A4200329909 /* Resources */,
			);
			buildRules = (
			);
			dependencies = (
				EBB79DA32DE23A4200329909 /* PBXTargetDependency */,
			);
			fileSystemSynchronizedGroups = (
				EBB79DA42DE23A4200329909 /* Barcode-ScannerTests */,
			);
			name = "Barcode-ScannerTests";
			packageProductDependencies = (
			);
			productName = "Barcode-ScannerTests";
			productReference = EBB79DA12DE23A4200329909 /* Barcode-ScannerTests.xctest */;
			productType = "com.apple.product-type.bundle.unit-test";
		};
		EBB79DAA2DE23A4200329909 /* Barcode-ScannerUITests */ = {
			isa = PBXNativeTarget;
			buildConfigurationList = EBB79DBB2DE23A4200329909 /* Build configuration list for PBXNativeTarget "Barcode-ScannerUITests" */;
			buildPhases = (
				EBB79DA72DE23A4200329909 /* Sources */,
				EBB79DA82DE23A4200329909 /* Frameworks */,
				EBB79DA92DE23A4200329909 /* Resources */,
			);
			buildRules = (
			);
			dependencies = (
				EBB79DAD2DE23A4200329909 /* PBXTargetDependency */,
			);
			fileSystemSynchronizedGroups = (
				EBB79DAE2DE23A4200329909 /* Barcode-ScannerUITests */,
			);
			name = "Barcode-ScannerUITests";
			packageProductDependencies = (
			);
			productName = "Barcode-ScannerUITests";
			productReference = EBB79DAB2DE23A4200329909 /* Barcode-ScannerUITests.xctest */;
			productType = "com.apple.product-type.bundle.ui-testing";
		};
/* End PBXNativeTarget section */

/* Begin PBXProject section */
		EBB79D8C2DE23A4000329909 /* Project object */ = {
			isa = PBXProject;
			attributes = {
				BuildIndependentTargetsInParallel = 1;
				LastSwiftUpdateCheck = 1630;
				LastUpgradeCheck = 1630;
				TargetAttributes = {
					EBB79D932DE23A4000329909 = {
						CreatedOnToolsVersion = 16.3;
					};
					EBB79DA02DE23A4200329909 = {
						CreatedOnToolsVersion = 16.3;
						TestTargetID = EBB79D932DE23A4000329909;
					};
					EBB79DAA2DE23A4200329909 = {
						CreatedOnToolsVersion = 16.3;
						TestTargetID = EBB79D932DE23A4000329909;
					};
				};
			};
			buildConfigurationList = EBB79D8F2DE23A4000329909 /* Build configuration list for PBXProject "Barcode-Scanner" */;
			developmentRegion = en;
			hasScannedForEncodings = 0;
			knownRegions = (
				en,
				Base,
			);
			mainGroup = EBB79D8B2DE23A4000329909;
			minimizedProjectReferenceProxies = 1;
			preferredProjectObjectVersion = 77;
			productRefGroup = EBB79D952DE23A4000329909 /* Products */;
			projectDirPath = "";
			projectRoot = "";
			targets = (
				EBB79D932DE23A4000329909 /* Barcode-Scanner */,
				EBB79DA02DE23A4200329909 /* Barcode-ScannerTests */,
				EBB79DAA2DE23A4200329909 /* Barcode-ScannerUITests */,
			);
		};
/* End PBXProject section */

/* Begin PBXResourcesBuildPhase section */
		EBB79D922DE23A4000329909 /* Resources */ = {
			isa = PBXResourcesBuildPhase;
			buildActionMask = 2147483647;
			files = (
			);
			runOnlyForDeploymentPostprocessing = 0;
		};
		EBB79D9F2DE23A4200329909 /* Resources */ = {
			isa = PBXResourcesBuildPhase;
			buildActionMask = 2147483647;
			files = (
			);
			runOnlyForDeploymentPostprocessing = 0;
		};
		EBB79DA92DE23A4200329909 /* Resources */ = {
			isa = PBXResourcesBuildPhase;
			buildActionMask = 2147483647;
			files = (
			);
			runOnlyForDeploymentPostprocessing = 0;
		};
/* End PBXResourcesBuildPhase section */

/* Begin PBXSourcesBuildPhase section */
		EBB79D902DE23A4000329909 /* Sources */ = {
			isa = PBXSourcesBuildPhase;
			buildActionMask = 2147483647;
			files = (
			);
			runOnlyForDeploymentPostprocessing = 0;
		};
		EBB79D9D2DE23A4200329909 /* Sources */ = {
			isa = PBXSourcesBuildPhase;
			buildActionMask = 2147483647;
			files = (
			);
			runOnlyForDeploymentPostprocessing = 0;
		};
		EBB79DA72DE23A4200329909 /* Sources */ = {
			isa = PBXSourcesBuildPhase;
			buildActionMask = 2147483647;
			files = (
			);
			runOnlyForDeploymentPostprocessing = 0;
		};
/* End PBXSourcesBuildPhase section */

/* Begin PBXTargetDependency section */
		EBB79DA32DE23A4200329909 /* PBXTargetDependency */ = {
			isa = PBXTargetDependency;
			target = EBB79D932DE23A4000329909 /* Barcode-Scanner */;
			targetProxy = EBB79DA22DE23A4200329909 /* PBXContainerItemProxy */;
		};
		EBB79DAD2DE23A4200329909 /* PBXTargetDependency */ = {
			isa = PBXTargetDependency;
			target = EBB79D932DE23A4000329909 /* Barcode-Scanner */;
			targetProxy = EBB79DAC2DE23A4200329909 /* PBXContainerItemProxy */;
		};
/* End PBXTargetDependency section */

/* Begin XCBuildConfiguration section */
		EBB79DB32DE23A4200329909 /* Debug */ = {
			isa = XCBuildConfiguration;
			buildSettings = {
				ALWAYS_SEARCH_USER_PATHS = NO;
				ASSETCATALOG_COMPILER_GENERATE_SWIFT_ASSET_SYMBOL_EXTENSIONS = YES;
				CLANG_ANALYZER_NONNULL = YES;
				CLANG_ANALYZER_NUMBER_OBJECT_CONVERSION = YES_AGGRESSIVE;
				CLANG_CXX_LANGUAGE_STANDARD = "gnu++20";
				CLANG_ENABLE_MODULES = YES;
				CLANG_ENABLE_OBJC_ARC = YES;
				CLANG_ENABLE_OBJC_WEAK = YES;
				CLANG_WARN_BLOCK_CAPTURE_AUTORELEASING = YES;
				CLANG_WARN_BOOL_CONVERSION = YES;
				CLANG_WARN_COMMA = YES;
				CLANG_WARN_CONSTANT_CONVERSION = YES;
				CLANG_WARN_DEPRECATED_OBJC_IMPLEMENTATIONS = YES;
				CLANG_WARN_DIRECT_OBJC_ISA_USAGE = YES_ERROR;
				CLANG_WARN_DOCUMENTATION_COMMENTS = YES;
				CLANG_WARN_EMPTY_BODY = YES;
				CLANG_WARN_ENUM_CONVERSION = YES;
				CLANG_WARN_INFINITE_RECURSION = YES;
				CLANG_WARN_INT_CONVERSION = YES;
				CLANG_WARN_NON_LITERAL_NULL_CONVERSION = YES;
				CLANG_WARN_OBJC_IMPLICIT_RETAIN_SELF = YES;
				CLANG_WARN_OBJC_LITERAL_CONVERSION = YES;
				CLANG_WARN_OBJC_ROOT_CLASS = YES_ERROR;
				CLANG_WARN_QUOTED_INCLUDE_IN_FRAMEWORK_HEADER = YES;
				CLANG_WARN_RANGE_LOOP_ANALYSIS = YES;
				CLANG_WARN_STRICT_PROTOTYPES = YES;
				CLANG_WARN_SUSPICIOUS_MOVE = YES;
				CLANG_WARN_UNGUARDED_AVAILABILITY = YES_AGGRESSIVE;
				CLANG_WARN_UNREACHABLE_CODE = YES;
				CLANG_WARN__DUPLICATE_METHOD_MATCH = YES;
				COPY_PHASE_STRIP = NO;
				DEBUG_INFORMATION_FORMAT = dwarf;
				DEVELOPMENT_TEAM = VXM42WZ7XQ;
				ENABLE_STRICT_OBJC_MSGSEND = YES;
				ENABLE_TESTABILITY = YES;
				ENABLE_USER_SCRIPT_SANDBOXING = YES;
				GCC_C_LANGUAGE_STANDARD = gnu17;
				GCC_DYNAMIC_NO_PIC = NO;
				GCC_NO_COMMON_BLOCKS = YES;
				GCC_OPTIMIZATION_LEVEL = 0;
				GCC_PREPROCESSOR_DEFINITIONS = (
					"DEBUG=1",
					"$(inherited)",
				);
				GCC_WARN_64_TO_32_BIT_CONVERSION = YES;
				GCC_WARN_ABOUT_RETURN_TYPE = YES_ERROR;
				GCC_WARN_UNDECLARED_SELECTOR = YES;
				GCC_WARN_UNINITIALIZED_AUTOS = YES_AGGRESSIVE;
				GCC_WARN_UNUSED_FUNCTION = YES;
				GCC_WARN_UNUSED_VARIABLE = YES;
				IPHONEOS_DEPLOYMENT_TARGET = 18.4;
				LOCALIZATION_PREFERS_STRING_CATALOGS = YES;
				MTL_ENABLE_DEBUG_INFO = INCLUDE_SOURCE;
				MTL_FAST_MATH = YES;
				ONLY_ACTIVE_ARCH = YES;
				SDKROOT = iphoneos;
				SWIFT_ACTIVE_COMPILATION_CONDITIONS = "DEBUG $(inherited)";
				SWIFT_OPTIMIZATION_LEVEL = "-Onone";
			};
			name = Debug;
		};
		EBB79DB42DE23A4200329909 /* Release */ = {
			isa = XCBuildConfiguration;
			buildSettings = {
				ALWAYS_SEARCH_USER_PATHS = NO;
				ASSETCATALOG_COMPILER_GENERATE_SWIFT_ASSET_SYMBOL_EXTENSIONS = YES;
				CLANG_ANALYZER_NONNULL = YES;
				CLANG_ANALYZER_NUMBER_OBJECT_CONVERSION = YES_AGGRESSIVE;
				CLANG_CXX_LANGUAGE_STANDARD = "gnu++20";
				CLANG_ENABLE_MODULES = YES;
				CLANG_ENABLE_OBJC_ARC = YES;
				CLANG_ENABLE_OBJC_WEAK = YES;
				CLANG_WARN_BLOCK_CAPTURE_AUTORELEASING = YES;
				CLANG_WARN_BOOL_CONVERSION = YES;
				CLANG_WARN_COMMA = YES;
				CLANG_WARN_CONSTANT_CONVERSION = YES;
				CLANG_WARN_DEPRECATED_OBJC_IMPLEMENTATIONS = YES;
				CLANG_WARN_DIRECT_OBJC_ISA_USAGE = YES_ERROR;
				CLANG_WARN_DOCUMENTATION_COMMENTS = YES;
				CLANG_WARN_EMPTY_BODY = YES;
				CLANG_WARN_ENUM_CONVERSION = YES;
				CLANG_WARN_INFINITE_RECURSION = YES;
				CLANG_WARN_INT_CONVERSION = YES;
				CLANG_WARN_NON_LITERAL_NULL_CONVERSION = YES;
				CLANG_WARN_OBJC_IMPLICIT_RETAIN_SELF = YES;
				CLANG_WARN_OBJC_LITERAL_CONVERSION = YES;
				CLANG_WARN_OBJC_ROOT_CLASS = YES_ERROR;
				CLANG_WARN_QUOTED_INCLUDE_IN_FRAMEWORK_HEADER = YES;
				CLANG_WARN_RANGE_LOOP_ANALYSIS = YES;
				CLANG_WARN_STRICT_PROTOTYPES = YES;
				CLANG_WARN_SUSPICIOUS_MOVE = YES;
				CLANG_WARN_UNGUARDED_AVAILABILITY = YES_AGGRESSIVE;
				CLANG_WARN_UNREACHABLE_CODE = YES;
				CLANG_WARN__DUPLICATE_METHOD_MATCH = YES;
				COPY_PHASE_STRIP = NO;
				DEBUG_INFORMATION_FORMAT = "dwarf-with-dsym";
				DEVELOPMENT_TEAM = VXM42WZ7XQ;
				ENABLE_NS_ASSERTIONS = NO;
				ENABLE_STRICT_OBJC_MSGSEND = YES;
				ENABLE_USER_SCRIPT_SANDBOXING = YES;
				GCC_C_LANGUAGE_STANDARD = gnu17;
				GCC_NO_COMMON_BLOCKS = YES;
				GCC_WARN_64_TO_32_BIT_CONVERSION = YES;
				GCC_WARN_ABOUT_RETURN_TYPE = YES_ERROR;
				GCC_WARN_UNDECLARED_SELECTOR = YES;
				GCC_WARN_UNINITIALIZED_AUTOS = YES_AGGRESSIVE;
				GCC_WARN_UNUSED_FUNCTION = YES;
				GCC_WARN_UNUSED_VARIABLE = YES;
				IPHONEOS_DEPLOYMENT_TARGET = 18.4;
				LOCALIZATION_PREFERS_STRING_CATALOGS = YES;
				MTL_ENABLE_DEBUG_INFO = NO;
				MTL_FAST_MATH = YES;
				SDKROOT = iphoneos;
				SWIFT_COMPILATION_MODE = wholemodule;
				VALIDATE_PRODUCT = YES;
			};
			name = Release;
		};
		EBB79DB62DE23A4200329909 /* Debug */ = {
			isa = XCBuildConfiguration;
			buildSettings = {
				ASSETCATALOG_COMPILER_APPICON_NAME = AppIcon;
				ASSETCATALOG_COMPILER_GLOBAL_ACCENT_COLOR_NAME = AccentColor;
				CODE_SIGN_STYLE = Automatic;
				CURRENT_PROJECT_VERSION = 1;
				DEVELOPMENT_TEAM = VXM42WZ7XQ;
				ENABLE_PREVIEWS = YES;
				GENERATE_INFOPLIST_FILE = YES;
				INFOPLIST_KEY_UIApplicationSceneManifest_Generation = YES;
				INFOPLIST_KEY_UIApplicationSupportsIndirectInputEvents = YES;
				INFOPLIST_KEY_UILaunchScreen_Generation = YES;
				INFOPLIST_KEY_UISupportedInterfaceOrientations_iPad = "UIInterfaceOrientationPortrait UIInterfaceOrientationPortraitUpsideDown UIInterfaceOrientationLandscapeLeft UIInterfaceOrientationLandscapeRight";
				INFOPLIST_KEY_UISupportedInterfaceOrientations_iPhone = "UIInterfaceOrientationPortrait UIInterfaceOrientationLandscapeLeft UIInterfaceOrientationLandscapeRight";
				LD_RUNPATH_SEARCH_PATHS = (
					"$(inherited)",
					"@executable_path/Frameworks",
				);
				MARKETING_VERSION = 1.0;
				PRODUCT_BUNDLE_IDENTIFIER = "danse.Barcode-Scanner";
				PRODUCT_NAME = "$(TARGET_NAME)";
				SWIFT_EMIT_LOC_STRINGS = YES;
				SWIFT_VERSION = 5.0;
				TARGETED_DEVICE_FAMILY = "1,2";
			};
			name = Debug;
		};
		EBB79DB72DE23A4200329909 /* Release */ = {
			isa = XCBuildConfiguration;
			buildSettings = {
				ASSETCATALOG_COMPILER_APPICON_NAME = AppIcon;
				ASSETCATALOG_COMPILER_GLOBAL_ACCENT_COLOR_NAME = AccentColor;
				CODE_SIGN_STYLE = Automatic;
				CURRENT_PROJECT_VERSION = 1;
				DEVELOPMENT_TEAM = VXM42WZ7XQ;
				ENABLE_PREVIEWS = YES;
				GENERATE_INFOPLIST_FILE = YES;
				INFOPLIST_KEY_UIApplicationSceneManifest_Generation = YES;
				INFOPLIST_KEY_UIApplicationSupportsIndirectInputEvents = YES;
				INFOPLIST_KEY_UILaunchScreen_Generation = YES;
				INFOPLIST_KEY_UISupportedInterfaceOrientations_iPad = "UIInterfaceOrientationPortrait UIInterfaceOrientationPortraitUpsideDown UIInterfaceOrientationLandscapeLeft UIInterfaceOrientationLandscapeRight";
				INFOPLIST_KEY_UISupportedInterfaceOrientations_iPhone = "UIInterfaceOrientationPortrait UIInterfaceOrientationLandscapeLeft UIInterfaceOrientationLandscapeRight";
				LD_RUNPATH_SEARCH_PATHS = (
					"$(inherited)",
					"@executable_path/Frameworks",
				);
				MARKETING_VERSION = 1.0;
				PRODUCT_BUNDLE_IDENTIFIER = "danse.Barcode-Scanner";
				PRODUCT_NAME = "$(TARGET_NAME)";
				SWIFT_EMIT_LOC_STRINGS = YES;
				SWIFT_VERSION = 5.0;
				TARGETED_DEVICE_FAMILY = "1,2";
			};
			name = Release;
		};
		EBB79DB92DE23A4200329909 /* Debug */ = {
			isa = XCBuildConfiguration;
			buildSettings = {
				BUNDLE_LOADER = "$(TEST_HOST)";
				CODE_SIGN_STYLE = Automatic;
				CURRENT_PROJECT_VERSION = 1;
				DEVELOPMENT_TEAM = VXM42WZ7XQ;
				GENERATE_INFOPLIST_FILE = YES;
				IPHONEOS_DEPLOYMENT_TARGET = 18.4;
				MARKETING_VERSION = 1.0;
				PRODUCT_BUNDLE_IDENTIFIER = "danse.Barcode-ScannerTests";
				PRODUCT_NAME = "$(TARGET_NAME)";
				SWIFT_EMIT_LOC_STRINGS = NO;
				SWIFT_VERSION = 5.0;
				TARGETED_DEVICE_FAMILY = "1,2";
				TEST_HOST = "$(BUILT_PRODUCTS_DIR)/Barcode-Scanner.app/$(BUNDLE_EXECUTABLE_FOLDER_PATH)/Barcode-Scanner";
			};
			name = Debug;
		};
		EBB79DBA2DE23A4200329909 /* Release */ = {
			isa = XCBuildConfiguration;
			buildSettings = {
				BUNDLE_LOADER = "$(TEST_HOST)";
				CODE_SIGN_STYLE = Automatic;
				CURRENT_PROJECT_VERSION = 1;
				DEVELOPMENT_TEAM = VXM42WZ7XQ;
				GENERATE_INFOPLIST_FILE = YES;
				IPHONEOS_DEPLOYMENT_TARGET = 18.4;
				MARKETING_VERSION = 1.0;
				PRODUCT_BUNDLE_IDENTIFIER = "danse.Barcode-ScannerTests";
				PRODUCT_NAME = "$(TARGET_NAME)";
				SWIFT_EMIT_LOC_STRINGS = NO;
				SWIFT_VERSION = 5.0;
				TARGETED_DEVICE_FAMILY = "1,2";
				TEST_HOST = "$(BUILT_PRODUCTS_DIR)/Barcode-Scanner.app/$(BUNDLE_EXECUTABLE_FOLDER_PATH)/Barcode-Scanner";
			};
			name = Release;
		};
		EBB79DBC2DE23A4200329909 /* Debug */ = {
			isa = XCBuildConfiguration;
			buildSettings = {
				CODE_SIGN_STYLE = Automatic;
				CURRENT_PROJECT_VERSION = 1;
				DEVELOPMENT_TEAM = VXM42WZ7XQ;
				GENERATE_INFOPLIST_FILE = YES;
				MARKETING_VERSION = 1.0;
				PRODUCT_BUNDLE_IDENTIFIER = "danse.Barcode-ScannerUITests";
				PRODUCT_NAME = "$(TARGET_NAME)";
				SWIFT_EMIT_LOC_STRINGS = NO;
				SWIFT_VERSION = 5.0;
				TARGETED_DEVICE_FAMILY = "1,2";
				TEST_TARGET_NAME = "Barcode-Scanner";
			};
			name = Debug;
		};
		EBB79DBD2DE23A4200329909 /* Release */ = {
			isa = XCBuildConfiguration;
			buildSettings = {
				CODE_SIGN_STYLE = Automatic;
				CURRENT_PROJECT_VERSION = 1;
				DEVELOPMENT_TEAM = VXM42WZ7XQ;
				GENERATE_INFOPLIST_FILE = YES;
				MARKETING_VERSION = 1.0;
				PRODUCT_BUNDLE_IDENTIFIER = "danse.Barcode-ScannerUITests";
				PRODUCT_NAME = "$(TARGET_NAME)";
				SWIFT_EMIT_LOC_STRINGS = NO;
				SWIFT_VERSION = 5.0;
				TARGETED_DEVICE_FAMILY = "1,2";
				TEST_TARGET_NAME = "Barcode-Scanner";
			};
			name = Release;
		};
/* End XCBuildConfiguration section */

/* Begin XCConfigurationList section */
		EBB79D8F2DE23A4000329909 /* Build configuration list for PBXProject "Barcode-Scanner" */ = {
			isa = XCConfigurationList;
			buildConfigurations = (
				EBB79DB32DE23A4200329909 /* Debug */,
				EBB79DB42DE23A4200329909 /* Release */,
			);
			defaultConfigurationIsVisible = 0;
			defaultConfigurationName = Release;
		};
		EBB79DB52DE23A4200329909 /* Build configuration list for PBXNativeTarget "Barcode-Scanner" */ = {
			isa = XCConfigurationList;
			buildConfigurations = (
				EBB79DB62DE23A4200329909 /* Debug */,
				EBB79DB72DE23A4200329909 /* Release */,
			);
			defaultConfigurationIsVisible = 0;
			defaultConfigurationName = Release;
		};
		EBB79DB82DE23A4200329909 /* Build configuration list for PBXNativeTarget "Barcode-ScannerTests" */ = {
			isa = XCConfigurationList;
			buildConfigurations = (
				EBB79DB92DE23A4200329909 /* Debug */,
				EBB79DBA2DE23A4200329909 /* Release */,
			);
			defaultConfigurationIsVisible = 0;
			defaultConfigurationName = Release;
		};
		EBB79DBB2DE23A4200329909 /* Build configuration list for PBXNativeTarget "Barcode-ScannerUITests" */ = {
			isa = XCConfigurationList;
			buildConfigurations = (
				EBB79DBC2DE23A4200329909 /* Debug */,
				EBB79DBD2DE23A4200329909 /* Release */,
			);
			defaultConfigurationIsVisible = 0;
			defaultConfigurationName = Release;
		};
/* End XCConfigurationList section */
	};
	rootObject = EBB79D8C2DE23A4000329909 /* Project object */;
}
